
Microsoft Visual Studio Solution File, Format Version 12.00
# Visual Studio Version 17
VisualStudioVersion = 17.11.35327.3
MinimumVisualStudioVersion = 10.0.40219.1
Project("{FAE04EC0-301F-11D3-BF4B-00C04F79EFBC}") = "InteractiveLSUMap", "InteractiveLSUMap.csproj", "{59E66D91-1C21-4A05-B3CD-AC278338E886}"
EndProject
Global
	GlobalSection(SolutionConfigurationPlatforms) = preSolution
		Debug|Any CPU = Debug|Any CPU
		Release|Any CPU = Release|Any CPU
	EndGlobalSection
	GlobalSection(ProjectConfigurationPlatforms) = postSolution
		{59E66D91-1C21-4A05-B3CD-AC278338E886}.Debug|Any CPU.ActiveCfg = Debug|Any CPU
		{59E66D91-1C21-4A05-B3CD-AC278338E886}.Debug|Any CPU.Build.0 = Debug|Any CPU
		{59E66D91-1C21-4A05-B3CD-AC278338E886}.Debug|Any CPU.Deploy.0 = Debug|Any CPU
		{59E66D91-1C21-4A05-B3CD-AC278338E886}.Release|Any CPU.ActiveCfg = Release|Any CPU
		{59E66D91-1C21-4A05-B3CD-AC278338E886}.Release|Any CPU.Build.0 = Release|Any CPU
		{59E66D91-1C21-4A05-B3CD-AC278338E886}.Release|Any CPU.Deploy.0 = Release|Any CPU
	EndGlobalSection
	GlobalSection(SolutionProperties) = preSolution
		HideSolutionNode = FALSE
	EndGlobalSection
	GlobalSection(ExtensibilityGlobals) = postSolution
		SolutionGuid = {992DD1B0-ADF1-472C-B5DB-B6EC3C6C6A5E}
	EndGlobalSection
EndGlobal
