
Microsoft Visual Studio Solution File, Format Version 12.00
Project("{FAE04EC0-301F-11D3-BF4B-00C04F79EFBC}") = "LSU_Interactive_Map_Maui_App", "LSU_Interactive_Map_Maui_App\LSU_Interactive_Map_Maui_App.csproj", "{B77B1E74-EB8F-47EA-B69C-DC2EC78389DC}"
EndProject
Global
	GlobalSection(SolutionConfigurationPlatforms) = preSolution
		Debug|Any CPU = Debug|Any CPU
		Release|Any CPU = Release|Any CPU
	EndGlobalSection
	GlobalSection(ProjectConfigurationPlatforms) = postSolution
		{B77B1E74-EB8F-47EA-B69C-DC2EC78389DC}.Debug|Any CPU.ActiveCfg = Debug|Any CPU
		{B77B1E74-EB8F-47EA-B69C-DC2EC78389DC}.Debug|Any CPU.Build.0 = Debug|Any CPU
		{B77B1E74-EB8F-47EA-B69C-DC2EC78389DC}.Release|Any CPU.ActiveCfg = Release|Any CPU
		{B77B1E74-EB8F-47EA-B69C-DC2EC78389DC}.Release|Any CPU.Build.0 = Release|Any CPU
	EndGlobalSection
EndGlobal
